// !$*UTF8*$!
{
	archiveVersion = 1;
	classes = {
	};
	objectVersion = 56;
	objects = {

/* Begin PBXBuildFile section */
		CE3428EB2B18E10B00614E69 /* MultiMapApp.swift in Sources */ = {isa = PBXBuildFile; fileRef = CE3428EA2B18E10B00614E69 /* MultiMapApp.swift */; };
		CE3428ED2B18E10B00614E69 /* ContentView.swift in Sources */ = {isa = PBXBuildFile; fileRef = CE3428EC2B18E10B00614E69 /* ContentView.swift */; };
		CE3428EF2B18E10C00614E69 /* Assets.xcassets in Resources */ = {isa = PBXBuildFile; fileRef = CE3428EE2B18E10C00614E69 /* Assets.xcassets */; };
		CE3428F82B199E8F00614E69 /* Location.swift in Sources */ = {isa = PBXBuildFile; fileRef = CE3428F72B199E8F00614E69 /* Location.swift */; };
		CE3DCC8D2B035BD900587F0B /* ScreenableApp.swift in Sources */ = {isa = PBXBuildFile; fileRef = CE3DCC8C2B035BD900587F0B /* ScreenableApp.swift */; };
		CE3DCC8F2B035BD900587F0B /* ContentView.swift in Sources */ = {isa = PBXBuildFile; fileRef = CE3DCC8E2B035BD900587F0B /* ContentView.swift */; };
		CE3DCC912B035BDA00587F0B /* Assets.xcassets in Resources */ = {isa = PBXBuildFile; fileRef = CE3DCC902B035BDA00587F0B /* Assets.xcassets */; };
		CE3DCC9A2B035BFD00587F0B /* Fonts.txt in Resources */ = {isa = PBXBuildFile; fileRef = CE3DCC992B035BFD00587F0B /* Fonts.txt */; };
		CE3DCC9C2B035C0A00587F0B /* Backgrounds.txt in Resources */ = {isa = PBXBuildFile; fileRef = CE3DCC9B2B035C0A00587F0B /* Backgrounds.txt */; };
		CE3DCC9E2B035CFD00587F0B /* ScreenableDocument.swift in Sources */ = {isa = PBXBuildFile; fileRef = CE3DCC9D2B035CFD00587F0B /* ScreenableDocument.swift */; };
		CE45624E2B1D6E2C00405672 /* FastTrackApp.swift in Sources */ = {isa = PBXBuildFile; fileRef = CE45624A2B1D6E2C00405672 /* FastTrackApp.swift */; };
		CE45624F2B1D6E2C00405672 /* Assets.xcassets in Resources */ = {isa = PBXBuildFile; fileRef = CE45624B2B1D6E2C00405672 /* Assets.xcassets */; };
		CE4562502B1D6E2C00405672 /* ContentView.swift in Sources */ = {isa = PBXBuildFile; fileRef = CE45624D2B1D6E2C00405672 /* ContentView.swift */; };
		CE4562522B1D7B6100405672 /* Track.swift in Sources */ = {isa = PBXBuildFile; fileRef = CE4562512B1D7B6100405672 /* Track.swift */; };
		CE4562542B1EEE9400405672 /* TrackView.swift in Sources */ = {isa = PBXBuildFile; fileRef = CE4562532B1EEE9400405672 /* TrackView.swift */; };
		CE81B6132B086CAE0044D528 /* RenderView.swift in Sources */ = {isa = PBXBuildFile; fileRef = CE81B6122B086CAE0044D528 /* RenderView.swift */; };
		CE81B6152B0881EA0044D528 /* Bundle+StringArray.swift in Sources */ = {isa = PBXBuildFile; fileRef = CE81B6142B0881EA0044D528 /* Bundle+StringArray.swift */; };
		CE81B6172B08C77B0044D528 /* Color+Codable.swift in Sources */ = {isa = PBXBuildFile; fileRef = CE81B6162B08C77B0044D528 /* Color+Codable.swift */; };
		CE9955442B1C26F200CB54DE /* AnimationSandboxApp.swift in Sources */ = {isa = PBXBuildFile; fileRef = CE9955432B1C26F200CB54DE /* AnimationSandboxApp.swift */; };
		CE9955462B1C26F200CB54DE /* ContentView.swift in Sources */ = {isa = PBXBuildFile; fileRef = CE9955452B1C26F200CB54DE /* ContentView.swift */; };
		CE9955482B1C26F300CB54DE /* Assets.xcassets in Resources */ = {isa = PBXBuildFile; fileRef = CE9955472B1C26F300CB54DE /* Assets.xcassets */; };
		E52F5C472A9110D500658F2A /* StormViewApp.swift in Sources */ = {isa = PBXBuildFile; fileRef = E52F5C462A9110D500658F2A /* StormViewApp.swift */; };
		E52F5C492A9110D500658F2A /* ContentView.swift in Sources */ = {isa = PBXBuildFile; fileRef = E52F5C482A9110D500658F2A /* ContentView.swift */; };
		E52F5C4B2A9110DA00658F2A /* Assets.xcassets in Resources */ = {isa = PBXBuildFile; fileRef = E52F5C4A2A9110DA00658F2A /* Assets.xcassets */; };
		E55A79032AA418300035D696 /* App.swift in Sources */ = {isa = PBXBuildFile; fileRef = E55A79022AA418300035D696 /* App.swift */; };
		E55A790A2AA4A78C0035D696 /* ArgumentParser in Frameworks */ = {isa = PBXBuildFile; productRef = E55A79092AA4A78C0035D696 /* ArgumentParser */; };
		E579087E2AA0415700A5A49F /* CowsAndBullsApp.swift in Sources */ = {isa = PBXBuildFile; fileRef = E579087D2AA0415700A5A49F /* CowsAndBullsApp.swift */; };
		E57908802AA0415700A5A49F /* ContentView.swift in Sources */ = {isa = PBXBuildFile; fileRef = E579087F2AA0415700A5A49F /* ContentView.swift */; };
		E57908822AA0415C00A5A49F /* Assets.xcassets in Resources */ = {isa = PBXBuildFile; fileRef = E57908812AA0415C00A5A49F /* Assets.xcassets */; };
		E5BEB1112AA1D3A9008B373D /* Credits.rtf in Resources */ = {isa = PBXBuildFile; fileRef = E5BEB1102AA1D3A9008B373D /* Credits.rtf */; };
		E5BEB1122AA1D3AF008B373D /* Credits.rtf in Resources */ = {isa = PBXBuildFile; fileRef = E5BEB1102AA1D3A9008B373D /* Credits.rtf */; };
/* End PBXBuildFile section */

/* Begin PBXCopyFilesBuildPhase section */
		E55A78FE2AA418300035D696 /* CopyFiles */ = {
			isa = PBXCopyFilesBuildPhase;
			buildActionMask = 2147483647;
			dstPath = /usr/share/man/man1/;
			dstSubfolderSpec = 0;
			files = (
			);
			runOnlyForDeploymentPostprocessing = 1;
		};
/* End PBXCopyFilesBuildPhase section */

/* Begin PBXFileReference section */
		CE3428E82B18E10B00614E69 /* MultiMap.app */ = {isa = PBXFileReference; explicitFileType = wrapper.application; includeInIndex = 0; path = MultiMap.app; sourceTree = BUILT_PRODUCTS_DIR; };
		CE3428EA2B18E10B00614E69 /* MultiMapApp.swift */ = {isa = PBXFileReference; lastKnownFileType = sourcecode.swift; path = MultiMapApp.swift; sourceTree = "<group>"; };
		CE3428EC2B18E10B00614E69 /* ContentView.swift */ = {isa = PBXFileReference; lastKnownFileType = sourcecode.swift; path = ContentView.swift; sourceTree = "<group>"; };
		CE3428EE2B18E10C00614E69 /* Assets.xcassets */ = {isa = PBXFileReference; lastKnownFileType = folder.assetcatalog; path = Assets.xcassets; sourceTree = "<group>"; };
		CE3428F32B18E10C00614E69 /* MultiMap.entitlements */ = {isa = PBXFileReference; lastKnownFileType = text.plist.entitlements; path = MultiMap.entitlements; sourceTree = "<group>"; };
		CE3428F72B199E8F00614E69 /* Location.swift */ = {isa = PBXFileReference; lastKnownFileType = sourcecode.swift; path = Location.swift; sourceTree = "<group>"; };
		CE3DCC8A2B035BD900587F0B /* Screenable.app */ = {isa = PBXFileReference; explicitFileType = wrapper.application; includeInIndex = 0; path = Screenable.app; sourceTree = BUILT_PRODUCTS_DIR; };
		CE3DCC8C2B035BD900587F0B /* ScreenableApp.swift */ = {isa = PBXFileReference; lastKnownFileType = sourcecode.swift; path = ScreenableApp.swift; sourceTree = "<group>"; };
		CE3DCC8E2B035BD900587F0B /* ContentView.swift */ = {isa = PBXFileReference; lastKnownFileType = sourcecode.swift; path = ContentView.swift; sourceTree = "<group>"; };
		CE3DCC902B035BDA00587F0B /* Assets.xcassets */ = {isa = PBXFileReference; lastKnownFileType = folder.assetcatalog; path = Assets.xcassets; sourceTree = "<group>"; };
		CE3DCC952B035BDA00587F0B /* Screenable.entitlements */ = {isa = PBXFileReference; lastKnownFileType = text.plist.entitlements; path = Screenable.entitlements; sourceTree = "<group>"; };
		CE3DCC992B035BFD00587F0B /* Fonts.txt */ = {isa = PBXFileReference; fileEncoding = 4; lastKnownFileType = text; path = Fonts.txt; sourceTree = "<group>"; };
		CE3DCC9B2B035C0A00587F0B /* Backgrounds.txt */ = {isa = PBXFileReference; fileEncoding = 4; lastKnownFileType = text; path = Backgrounds.txt; sourceTree = "<group>"; };
		CE3DCC9D2B035CFD00587F0B /* ScreenableDocument.swift */ = {isa = PBXFileReference; lastKnownFileType = sourcecode.swift; path = ScreenableDocument.swift; sourceTree = "<group>"; };
		CE4562372B1D6D6300405672 /* FastTrack.app */ = {isa = PBXFileReference; explicitFileType = wrapper.application; includeInIndex = 0; path = FastTrack.app; sourceTree = BUILT_PRODUCTS_DIR; };
		CE45624A2B1D6E2C00405672 /* FastTrackApp.swift */ = {isa = PBXFileReference; fileEncoding = 4; lastKnownFileType = sourcecode.swift; path = FastTrackApp.swift; sourceTree = "<group>"; };
		CE45624B2B1D6E2C00405672 /* Assets.xcassets */ = {isa = PBXFileReference; lastKnownFileType = folder.assetcatalog; path = Assets.xcassets; sourceTree = "<group>"; };
		CE45624C2B1D6E2C00405672 /* FastTrack.entitlements */ = {isa = PBXFileReference; fileEncoding = 4; lastKnownFileType = text.plist.entitlements; path = FastTrack.entitlements; sourceTree = "<group>"; };
		CE45624D2B1D6E2C00405672 /* ContentView.swift */ = {isa = PBXFileReference; fileEncoding = 4; lastKnownFileType = sourcecode.swift; path = ContentView.swift; sourceTree = "<group>"; };
		CE4562512B1D7B6100405672 /* Track.swift */ = {isa = PBXFileReference; lastKnownFileType = sourcecode.swift; path = Track.swift; sourceTree = "<group>"; };
		CE4562532B1EEE9400405672 /* TrackView.swift */ = {isa = PBXFileReference; lastKnownFileType = sourcecode.swift; path = TrackView.swift; sourceTree = "<group>"; };
		CE507E092B04B3E100B4905D /* Info.plist */ = {isa = PBXFileReference; lastKnownFileType = text.plist; path = Info.plist; sourceTree = "<group>"; };
		CE81B6122B086CAE0044D528 /* RenderView.swift */ = {isa = PBXFileReference; lastKnownFileType = sourcecode.swift; path = RenderView.swift; sourceTree = "<group>"; };
		CE81B6142B0881EA0044D528 /* Bundle+StringArray.swift */ = {isa = PBXFileReference; lastKnownFileType = sourcecode.swift; path = "Bundle+StringArray.swift"; sourceTree = "<group>"; };
		CE81B6162B08C77B0044D528 /* Color+Codable.swift */ = {isa = PBXFileReference; lastKnownFileType = sourcecode.swift; path = "Color+Codable.swift"; sourceTree = "<group>"; };
		CE9955412B1C26F200CB54DE /* AnimationSandbox.app */ = {isa = PBXFileReference; explicitFileType = wrapper.application; includeInIndex = 0; path = AnimationSandbox.app; sourceTree = BUILT_PRODUCTS_DIR; };
		CE9955432B1C26F200CB54DE /* AnimationSandboxApp.swift */ = {isa = PBXFileReference; lastKnownFileType = sourcecode.swift; path = AnimationSandboxApp.swift; sourceTree = "<group>"; };
		CE9955452B1C26F200CB54DE /* ContentView.swift */ = {isa = PBXFileReference; lastKnownFileType = sourcecode.swift; path = ContentView.swift; sourceTree = "<group>"; };
		CE9955472B1C26F300CB54DE /* Assets.xcassets */ = {isa = PBXFileReference; lastKnownFileType = folder.assetcatalog; path = Assets.xcassets; sourceTree = "<group>"; };
		CE99554C2B1C26F300CB54DE /* AnimationSandbox.entitlements */ = {isa = PBXFileReference; lastKnownFileType = text.plist.entitlements; path = AnimationSandbox.entitlements; sourceTree = "<group>"; };
		E52F5C432A9110D500658F2A /* StormView.app */ = {isa = PBXFileReference; explicitFileType = wrapper.application; includeInIndex = 0; path = StormView.app; sourceTree = BUILT_PRODUCTS_DIR; };
		E52F5C462A9110D500658F2A /* StormViewApp.swift */ = {isa = PBXFileReference; lastKnownFileType = sourcecode.swift; path = StormViewApp.swift; sourceTree = "<group>"; };
		E52F5C482A9110D500658F2A /* ContentView.swift */ = {isa = PBXFileReference; lastKnownFileType = sourcecode.swift; path = ContentView.swift; sourceTree = "<group>"; };
		E52F5C4A2A9110DA00658F2A /* Assets.xcassets */ = {isa = PBXFileReference; lastKnownFileType = folder.assetcatalog; path = Assets.xcassets; sourceTree = "<group>"; };
		E52F5C4F2A9110DA00658F2A /* StormView.entitlements */ = {isa = PBXFileReference; lastKnownFileType = text.plist.entitlements; path = StormView.entitlements; sourceTree = "<group>"; };
		E55A79002AA418300035D696 /* TextParser */ = {isa = PBXFileReference; explicitFileType = "compiled.mach-o.executable"; includeInIndex = 0; path = TextParser; sourceTree = BUILT_PRODUCTS_DIR; };
		E55A79022AA418300035D696 /* App.swift */ = {isa = PBXFileReference; lastKnownFileType = sourcecode.swift; path = App.swift; sourceTree = "<group>"; };
		E579087B2AA0415700A5A49F /* CowsAndBulls.app */ = {isa = PBXFileReference; explicitFileType = wrapper.application; includeInIndex = 0; path = CowsAndBulls.app; sourceTree = BUILT_PRODUCTS_DIR; };
		E579087D2AA0415700A5A49F /* CowsAndBullsApp.swift */ = {isa = PBXFileReference; lastKnownFileType = sourcecode.swift; path = CowsAndBullsApp.swift; sourceTree = "<group>"; };
		E579087F2AA0415700A5A49F /* ContentView.swift */ = {isa = PBXFileReference; lastKnownFileType = sourcecode.swift; path = ContentView.swift; sourceTree = "<group>"; };
		E57908812AA0415C00A5A49F /* Assets.xcassets */ = {isa = PBXFileReference; lastKnownFileType = folder.assetcatalog; path = Assets.xcassets; sourceTree = "<group>"; };
		E57908862AA0415C00A5A49F /* CowsAndBulls.entitlements */ = {isa = PBXFileReference; lastKnownFileType = text.plist.entitlements; path = CowsAndBulls.entitlements; sourceTree = "<group>"; };
		E5BEB1102AA1D3A9008B373D /* Credits.rtf */ = {isa = PBXFileReference; lastKnownFileType = text.rtf; path = Credits.rtf; sourceTree = "<group>"; };
/* End PBXFileReference section */

/* Begin PBXFrameworksBuildPhase section */
		CE3428E52B18E10B00614E69 /* Frameworks */ = {
			isa = PBXFrameworksBuildPhase;
			buildActionMask = 2147483647;
			files = (
			);
			runOnlyForDeploymentPostprocessing = 0;
		};
		CE3DCC872B035BD900587F0B /* Frameworks */ = {
			isa = PBXFrameworksBuildPhase;
			buildActionMask = 2147483647;
			files = (
			);
			runOnlyForDeploymentPostprocessing = 0;
		};
		CE4562342B1D6D6300405672 /* Frameworks */ = {
			isa = PBXFrameworksBuildPhase;
			buildActionMask = 2147483647;
			files = (
			);
			runOnlyForDeploymentPostprocessing = 0;
		};
		CE99553E2B1C26F200CB54DE /* Frameworks */ = {
			isa = PBXFrameworksBuildPhase;
			buildActionMask = 2147483647;
			files = (
			);
			runOnlyForDeploymentPostprocessing = 0;
		};
		E52F5C402A9110D500658F2A /* Frameworks */ = {
			isa = PBXFrameworksBuildPhase;
			buildActionMask = 2147483647;
			files = (
			);
			runOnlyForDeploymentPostprocessing = 0;
		};
		E55A78FD2AA418300035D696 /* Frameworks */ = {
			isa = PBXFrameworksBuildPhase;
			buildActionMask = 2147483647;
			files = (
				E55A790A2AA4A78C0035D696 /* ArgumentParser in Frameworks */,
			);
			runOnlyForDeploymentPostprocessing = 0;
		};
		E57908782AA0415700A5A49F /* Frameworks */ = {
			isa = PBXFrameworksBuildPhase;
			buildActionMask = 2147483647;
			files = (
			);
			runOnlyForDeploymentPostprocessing = 0;
		};
/* End PBXFrameworksBuildPhase section */

/* Begin PBXGroup section */
		CE3428E92B18E10B00614E69 /* MultiMap */ = {
			isa = PBXGroup;
			children = (
				CE3428F72B199E8F00614E69 /* Location.swift */,
				CE3428EA2B18E10B00614E69 /* MultiMapApp.swift */,
				CE3428EC2B18E10B00614E69 /* ContentView.swift */,
				CE3428EE2B18E10C00614E69 /* Assets.xcassets */,
				CE3428F32B18E10C00614E69 /* MultiMap.entitlements */,
			);
			path = MultiMap;
			sourceTree = "<group>";
		};
		CE3DCC8B2B035BD900587F0B /* Screenable */ = {
			isa = PBXGroup;
			children = (
				CE81B6142B0881EA0044D528 /* Bundle+StringArray.swift */,
				CE507E092B04B3E100B4905D /* Info.plist */,
				CE3DCC8C2B035BD900587F0B /* ScreenableApp.swift */,
				CE81B6122B086CAE0044D528 /* RenderView.swift */,
				CE3DCC8E2B035BD900587F0B /* ContentView.swift */,
				CE3DCC9D2B035CFD00587F0B /* ScreenableDocument.swift */,
				CE81B6162B08C77B0044D528 /* Color+Codable.swift */,
				CE3DCC902B035BDA00587F0B /* Assets.xcassets */,
				CE3DCC952B035BDA00587F0B /* Screenable.entitlements */,
				CE3DCC9B2B035C0A00587F0B /* Backgrounds.txt */,
				CE3DCC992B035BFD00587F0B /* Fonts.txt */,
			);
			path = Screenable;
			sourceTree = "<group>";
		};
		CE4562492B1D6E2C00405672 /* FastTrack */ = {
			isa = PBXGroup;
			children = (
				CE45624A2B1D6E2C00405672 /* FastTrackApp.swift */,
				CE45624B2B1D6E2C00405672 /* Assets.xcassets */,
				CE45624C2B1D6E2C00405672 /* FastTrack.entitlements */,
				CE45624D2B1D6E2C00405672 /* ContentView.swift */,
				CE4562532B1EEE9400405672 /* TrackView.swift */,
				CE4562512B1D7B6100405672 /* Track.swift */,
			);
			path = FastTrack;
			sourceTree = "<group>";
		};
		CE9955422B1C26F200CB54DE /* AnimationSandbox */ = {
			isa = PBXGroup;
			children = (
				CE9955432B1C26F200CB54DE /* AnimationSandboxApp.swift */,
				CE9955452B1C26F200CB54DE /* ContentView.swift */,
				CE9955472B1C26F300CB54DE /* Assets.xcassets */,
				CE99554C2B1C26F300CB54DE /* AnimationSandbox.entitlements */,
			);
			path = AnimationSandbox;
			sourceTree = "<group>";
		};
		E52F5C3A2A9110D500658F2A = {
			isa = PBXGroup;
			children = (
				E5BEB1102AA1D3A9008B373D /* Credits.rtf */,
				E52F5C452A9110D500658F2A /* StormView */,
				E579087C2AA0415700A5A49F /* CowsAndBulls */,
				E55A79012AA418300035D696 /* TextParser */,
				CE3428E92B18E10B00614E69 /* MultiMap */,
				CE9955422B1C26F200CB54DE /* AnimationSandbox */,
				CE4562492B1D6E2C00405672 /* FastTrack */,
				CE3DCC8B2B035BD900587F0B /* Screenable */,
				E52F5C442A9110D500658F2A /* Products */,
			);
			sourceTree = "<group>";
		};
		E52F5C442A9110D500658F2A /* Products */ = {
			isa = PBXGroup;
			children = (
				E52F5C432A9110D500658F2A /* StormView.app */,
				E579087B2AA0415700A5A49F /* CowsAndBulls.app */,
				E55A79002AA418300035D696 /* TextParser */,
				CE3DCC8A2B035BD900587F0B /* Screenable.app */,
				CE3428E82B18E10B00614E69 /* MultiMap.app */,
				CE9955412B1C26F200CB54DE /* AnimationSandbox.app */,
				CE4562372B1D6D6300405672 /* FastTrack.app */,
			);
			name = Products;
			sourceTree = "<group>";
		};
		E52F5C452A9110D500658F2A /* StormView */ = {
			isa = PBXGroup;
			children = (
				E52F5C462A9110D500658F2A /* StormViewApp.swift */,
				E52F5C482A9110D500658F2A /* ContentView.swift */,
				E52F5C4A2A9110DA00658F2A /* Assets.xcassets */,
				E52F5C4F2A9110DA00658F2A /* StormView.entitlements */,
			);
			path = StormView;
			sourceTree = "<group>";
		};
		E55A79012AA418300035D696 /* TextParser */ = {
			isa = PBXGroup;
			children = (
				E55A79022AA418300035D696 /* App.swift */,
			);
			path = TextParser;
			sourceTree = "<group>";
		};
		E579087C2AA0415700A5A49F /* CowsAndBulls */ = {
			isa = PBXGroup;
			children = (
				E579087D2AA0415700A5A49F /* CowsAndBullsApp.swift */,
				E579087F2AA0415700A5A49F /* ContentView.swift */,
				E57908812AA0415C00A5A49F /* Assets.xcassets */,
				E57908862AA0415C00A5A49F /* CowsAndBulls.entitlements */,
			);
			path = CowsAndBulls;
			sourceTree = "<group>";
		};
/* End PBXGroup section */

/* Begin PBXNativeTarget section */
		CE3428E72B18E10B00614E69 /* MultiMap */ = {
			isa = PBXNativeTarget;
			buildConfigurationList = CE3428F62B18E10C00614E69 /* Build configuration list for PBXNativeTarget "MultiMap" */;
			buildPhases = (
				CE3428E42B18E10B00614E69 /* Sources */,
				CE3428E52B18E10B00614E69 /* Frameworks */,
				CE3428E62B18E10B00614E69 /* Resources */,
			);
			buildRules = (
			);
			dependencies = (
			);
			name = MultiMap;
			productName = MultiMap;
			productReference = CE3428E82B18E10B00614E69 /* MultiMap.app */;
			productType = "com.apple.product-type.application";
		};
		CE3DCC892B035BD900587F0B /* Screenable */ = {
			isa = PBXNativeTarget;
			buildConfigurationList = CE3DCC962B035BDA00587F0B /* Build configuration list for PBXNativeTarget "Screenable" */;
			buildPhases = (
				CE3DCC862B035BD900587F0B /* Sources */,
				CE3DCC872B035BD900587F0B /* Frameworks */,
				CE3DCC882B035BD900587F0B /* Resources */,
			);
			buildRules = (
			);
			dependencies = (
			);
			name = Screenable;
			productName = Screenable;
			productReference = CE3DCC8A2B035BD900587F0B /* Screenable.app */;
			productType = "com.apple.product-type.application";
		};
		CE4562362B1D6D6300405672 /* FastTrack */ = {
			isa = PBXNativeTarget;
			buildConfigurationList = CE4562452B1D6D6400405672 /* Build configuration list for PBXNativeTarget "FastTrack" */;
			buildPhases = (
				CE4562332B1D6D6300405672 /* Sources */,
				CE4562342B1D6D6300405672 /* Frameworks */,
				CE4562352B1D6D6300405672 /* Resources */,
			);
			buildRules = (
			);
			dependencies = (
			);
			name = FastTrack;
			productName = FastTrack;
			productReference = CE4562372B1D6D6300405672 /* FastTrack.app */;
			productType = "com.apple.product-type.application";
		};
		CE9955402B1C26F200CB54DE /* AnimationSandbox */ = {
			isa = PBXNativeTarget;
			buildConfigurationList = CE99554F2B1C26F300CB54DE /* Build configuration list for PBXNativeTarget "AnimationSandbox" */;
			buildPhases = (
				CE99553D2B1C26F200CB54DE /* Sources */,
				CE99553E2B1C26F200CB54DE /* Frameworks */,
				CE99553F2B1C26F200CB54DE /* Resources */,
			);
			buildRules = (
			);
			dependencies = (
			);
			name = AnimationSandbox;
			productName = AnimationSandbox;
			productReference = CE9955412B1C26F200CB54DE /* AnimationSandbox.app */;
			productType = "com.apple.product-type.application";
		};
		E52F5C422A9110D500658F2A /* StormView */ = {
			isa = PBXNativeTarget;
			buildConfigurationList = E52F5C522A9110DA00658F2A /* Build configuration list for PBXNativeTarget "StormView" */;
			buildPhases = (
				E52F5C3F2A9110D500658F2A /* Sources */,
				E52F5C402A9110D500658F2A /* Frameworks */,
				E52F5C412A9110D500658F2A /* Resources */,
			);
			buildRules = (
			);
			dependencies = (
			);
			name = StormView;
			productName = MacOne;
			productReference = E52F5C432A9110D500658F2A /* StormView.app */;
			productType = "com.apple.product-type.application";
		};
		E55A78FF2AA418300035D696 /* TextParser */ = {
			isa = PBXNativeTarget;
			buildConfigurationList = E55A79062AA418300035D696 /* Build configuration list for PBXNativeTarget "TextParser" */;
			buildPhases = (
				E55A78FC2AA418300035D696 /* Sources */,
				E55A78FD2AA418300035D696 /* Frameworks */,
				E55A78FE2AA418300035D696 /* CopyFiles */,
			);
			buildRules = (
			);
			dependencies = (
			);
			name = TextParser;
			packageProductDependencies = (
				E55A79092AA4A78C0035D696 /* ArgumentParser */,
			);
			productName = TextParser;
			productReference = E55A79002AA418300035D696 /* TextParser */;
			productType = "com.apple.product-type.tool";
		};
		E579087A2AA0415700A5A49F /* CowsAndBulls */ = {
			isa = PBXNativeTarget;
			buildConfigurationList = E57908872AA0415C00A5A49F /* Build configuration list for PBXNativeTarget "CowsAndBulls" */;
			buildPhases = (
				E57908772AA0415700A5A49F /* Sources */,
				E57908782AA0415700A5A49F /* Frameworks */,
				E57908792AA0415700A5A49F /* Resources */,
			);
			buildRules = (
			);
			dependencies = (
			);
			name = CowsAndBulls;
			productName = CowsAndBulls;
			productReference = E579087B2AA0415700A5A49F /* CowsAndBulls.app */;
			productType = "com.apple.product-type.application";
		};
/* End PBXNativeTarget section */

/* Begin PBXProject section */
		E52F5C3B2A9110D500658F2A /* Project object */ = {
			isa = PBXProject;
			attributes = {
				BuildIndependentTargetsInParallel = 1;
				LastSwiftUpdateCheck = 1500;
				LastUpgradeCheck = 1500;
				TargetAttributes = {
					CE3428E72B18E10B00614E69 = {
						CreatedOnToolsVersion = 15.0.1;
					};
					CE3DCC892B035BD900587F0B = {
						CreatedOnToolsVersion = 15.0.1;
					};
					CE4562362B1D6D6300405672 = {
						CreatedOnToolsVersion = 15.0.1;
					};
					CE9955402B1C26F200CB54DE = {
						CreatedOnToolsVersion = 15.0.1;
					};
					E52F5C422A9110D500658F2A = {
						CreatedOnToolsVersion = 15.0;
					};
					E55A78FF2AA418300035D696 = {
						CreatedOnToolsVersion = 15.0;
					};
					E579087A2AA0415700A5A49F = {
						CreatedOnToolsVersion = 15.0;
					};
				};
			};
			buildConfigurationList = E52F5C3E2A9110D500658F2A /* Build configuration list for PBXProject "MacOne" */;
			compatibilityVersion = "Xcode 14.0";
			developmentRegion = en;
			hasScannedForEncodings = 0;
			knownRegions = (
				en,
				Base,
			);
			mainGroup = E52F5C3A2A9110D500658F2A;
			packageReferences = (
				E55A79072AA4A2FF0035D696 /* XCRemoteSwiftPackageReference "swift-argument-parser" */,
			);
			productRefGroup = E52F5C442A9110D500658F2A /* Products */;
			projectDirPath = "";
			projectRoot = "";
			targets = (
				E52F5C422A9110D500658F2A /* StormView */,
				E579087A2AA0415700A5A49F /* CowsAndBulls */,
				E55A78FF2AA418300035D696 /* TextParser */,
				CE3428E72B18E10B00614E69 /* MultiMap */,
				CE9955402B1C26F200CB54DE /* AnimationSandbox */,
				CE3DCC892B035BD900587F0B /* Screenable */,
				CE4562362B1D6D6300405672 /* FastTrack */,
			);
		};
/* End PBXProject section */

/* Begin PBXResourcesBuildPhase section */
		CE3428E62B18E10B00614E69 /* Resources */ = {
			isa = PBXResourcesBuildPhase;
			buildActionMask = 2147483647;
			files = (
				CE3428EF2B18E10C00614E69 /* Assets.xcassets in Resources */,
			);
			runOnlyForDeploymentPostprocessing = 0;
		};
		CE3DCC882B035BD900587F0B /* Resources */ = {
			isa = PBXResourcesBuildPhase;
			buildActionMask = 2147483647;
			files = (
				CE3DCC9C2B035C0A00587F0B /* Backgrounds.txt in Resources */,
				CE3DCC912B035BDA00587F0B /* Assets.xcassets in Resources */,
				CE3DCC9A2B035BFD00587F0B /* Fonts.txt in Resources */,
			);
			runOnlyForDeploymentPostprocessing = 0;
		};
		CE4562352B1D6D6300405672 /* Resources */ = {
			isa = PBXResourcesBuildPhase;
			buildActionMask = 2147483647;
			files = (
				CE45624F2B1D6E2C00405672 /* Assets.xcassets in Resources */,
			);
			runOnlyForDeploymentPostprocessing = 0;
		};
		CE99553F2B1C26F200CB54DE /* Resources */ = {
			isa = PBXResourcesBuildPhase;
			buildActionMask = 2147483647;
			files = (
				CE9955482B1C26F300CB54DE /* Assets.xcassets in Resources */,
			);
			runOnlyForDeploymentPostprocessing = 0;
		};
		E52F5C412A9110D500658F2A /* Resources */ = {
			isa = PBXResourcesBuildPhase;
			buildActionMask = 2147483647;
			files = (
				E52F5C4B2A9110DA00658F2A /* Assets.xcassets in Resources */,
				E5BEB1112AA1D3A9008B373D /* Credits.rtf in Resources */,
			);
			runOnlyForDeploymentPostprocessing = 0;
		};
		E57908792AA0415700A5A49F /* Resources */ = {
			isa = PBXResourcesBuildPhase;
			buildActionMask = 2147483647;
			files = (
				E57908822AA0415C00A5A49F /* Assets.xcassets in Resources */,
				E5BEB1122AA1D3AF008B373D /* Credits.rtf in Resources */,
			);
			runOnlyForDeploymentPostprocessing = 0;
		};
/* End PBXResourcesBuildPhase section */

/* Begin PBXSourcesBuildPhase section */
		CE3428E42B18E10B00614E69 /* Sources */ = {
			isa = PBXSourcesBuildPhase;
			buildActionMask = 2147483647;
			files = (
				CE3428ED2B18E10B00614E69 /* ContentView.swift in Sources */,
				CE3428F82B199E8F00614E69 /* Location.swift in Sources */,
				CE3428EB2B18E10B00614E69 /* MultiMapApp.swift in Sources */,
			);
			runOnlyForDeploymentPostprocessing = 0;
		};
		CE3DCC862B035BD900587F0B /* Sources */ = {
			isa = PBXSourcesBuildPhase;
			buildActionMask = 2147483647;
			files = (
				CE3DCC9E2B035CFD00587F0B /* ScreenableDocument.swift in Sources */,
				CE3DCC8F2B035BD900587F0B /* ContentView.swift in Sources */,
				CE81B6152B0881EA0044D528 /* Bundle+StringArray.swift in Sources */,
				CE81B6132B086CAE0044D528 /* RenderView.swift in Sources */,
				CE81B6172B08C77B0044D528 /* Color+Codable.swift in Sources */,
				CE3DCC8D2B035BD900587F0B /* ScreenableApp.swift in Sources */,
			);
			runOnlyForDeploymentPostprocessing = 0;
		};
		CE4562332B1D6D6300405672 /* Sources */ = {
			isa = PBXSourcesBuildPhase;
			buildActionMask = 2147483647;
			files = (
				CE4562502B1D6E2C00405672 /* ContentView.swift in Sources */,
				CE45624E2B1D6E2C00405672 /* FastTrackApp.swift in Sources */,
				CE4562542B1EEE9400405672 /* TrackView.swift in Sources */,
				CE4562522B1D7B6100405672 /* Track.swift in Sources */,
			);
			runOnlyForDeploymentPostprocessing = 0;
		};
		CE99553D2B1C26F200CB54DE /* Sources */ = {
			isa = PBXSourcesBuildPhase;
			buildActionMask = 2147483647;
			files = (
				CE9955462B1C26F200CB54DE /* ContentView.swift in Sources */,
				CE9955442B1C26F200CB54DE /* AnimationSandboxApp.swift in Sources */,
			);
			runOnlyForDeploymentPostprocessing = 0;
		};
		E52F5C3F2A9110D500658F2A /* Sources */ = {
			isa = PBXSourcesBuildPhase;
			buildActionMask = 2147483647;
			files = (
				E52F5C492A9110D500658F2A /* ContentView.swift in Sources */,
				E52F5C472A9110D500658F2A /* StormViewApp.swift in Sources */,
			);
			runOnlyForDeploymentPostprocessing = 0;
		};
		E55A78FC2AA418300035D696 /* Sources */ = {
			isa = PBXSourcesBuildPhase;
			buildActionMask = 2147483647;
			files = (
				E55A79032AA418300035D696 /* App.swift in Sources */,
			);
			runOnlyForDeploymentPostprocessing = 0;
		};
		E57908772AA0415700A5A49F /* Sources */ = {
			isa = PBXSourcesBuildPhase;
			buildActionMask = 2147483647;
			files = (
				E57908802AA0415700A5A49F /* ContentView.swift in Sources */,
				E579087E2AA0415700A5A49F /* CowsAndBullsApp.swift in Sources */,
			);
			runOnlyForDeploymentPostprocessing = 0;
		};
/* End PBXSourcesBuildPhase section */

/* Begin XCBuildConfiguration section */
		CE3428F42B18E10C00614E69 /* Debug */ = {
			isa = XCBuildConfiguration;
			buildSettings = {
				ASSETCATALOG_COMPILER_APPICON_NAME = AppIcon;
				ASSETCATALOG_COMPILER_GLOBAL_ACCENT_COLOR_NAME = AccentColor;
				CODE_SIGN_ENTITLEMENTS = MultiMap/MultiMap.entitlements;
				CODE_SIGN_STYLE = Automatic;
				COMBINE_HIDPI_IMAGES = YES;
				CURRENT_PROJECT_VERSION = 1;
				DEVELOPMENT_TEAM = UCV96WLDG4;
				ENABLE_HARDENED_RUNTIME = YES;
				ENABLE_PREVIEWS = YES;
				GENERATE_INFOPLIST_FILE = YES;
				INFOPLIST_KEY_NSHumanReadableCopyright = "";
				LD_RUNPATH_SEARCH_PATHS = (
					"$(inherited)",
					"@executable_path/../Frameworks",
				);
				MARKETING_VERSION = 1.0;
				PRODUCT_BUNDLE_IDENTIFIER = top.mightycounty.MultiMap;
				PRODUCT_NAME = "$(TARGET_NAME)";
				SWIFT_EMIT_LOC_STRINGS = YES;
				SWIFT_VERSION = 5.0;
			};
			name = Debug;
		};
		CE3428F52B18E10C00614E69 /* Release */ = {
			isa = XCBuildConfiguration;
			buildSettings = {
				ASSETCATALOG_COMPILER_APPICON_NAME = AppIcon;
				ASSETCATALOG_COMPILER_GLOBAL_ACCENT_COLOR_NAME = AccentColor;
				CODE_SIGN_ENTITLEMENTS = MultiMap/MultiMap.entitlements;
				CODE_SIGN_STYLE = Automatic;
				COMBINE_HIDPI_IMAGES = YES;
				CURRENT_PROJECT_VERSION = 1;
				DEVELOPMENT_TEAM = UCV96WLDG4;
				ENABLE_HARDENED_RUNTIME = YES;
				ENABLE_PREVIEWS = YES;
				GENERATE_INFOPLIST_FILE = YES;
				INFOPLIST_KEY_NSHumanReadableCopyright = "";
				LD_RUNPATH_SEARCH_PATHS = (
					"$(inherited)",
					"@executable_path/../Frameworks",
				);
				MARKETING_VERSION = 1.0;
				PRODUCT_BUNDLE_IDENTIFIER = top.mightycounty.MultiMap;
				PRODUCT_NAME = "$(TARGET_NAME)";
				SWIFT_EMIT_LOC_STRINGS = YES;
				SWIFT_VERSION = 5.0;
			};
			name = Release;
		};
		CE3DCC972B035BDA00587F0B /* Debug */ = {
			isa = XCBuildConfiguration;
			buildSettings = {
				ASSETCATALOG_COMPILER_APPICON_NAME = AppIcon;
				ASSETCATALOG_COMPILER_GLOBAL_ACCENT_COLOR_NAME = AccentColor;
				CODE_SIGN_ENTITLEMENTS = Screenable/Screenable.entitlements;
				CODE_SIGN_STYLE = Automatic;
				COMBINE_HIDPI_IMAGES = YES;
				CURRENT_PROJECT_VERSION = 1;
				DEVELOPMENT_ASSET_PATHS = "";
				DEVELOPMENT_TEAM = UCV96WLDG4;
				ENABLE_HARDENED_RUNTIME = YES;
				ENABLE_PREVIEWS = YES;
				GENERATE_INFOPLIST_FILE = YES;
				INFOPLIST_FILE = Screenable/Info.plist;
				INFOPLIST_KEY_NSHumanReadableCopyright = "";
				LD_RUNPATH_SEARCH_PATHS = (
					"$(inherited)",
					"@executable_path/../Frameworks",
				);
				MARKETING_VERSION = 1.0;
				PRODUCT_BUNDLE_IDENTIFIER = top.mightycounty.Screenable;
				PRODUCT_NAME = "$(TARGET_NAME)";
				SWIFT_EMIT_LOC_STRINGS = YES;
				SWIFT_VERSION = 5.0;
			};
			name = Debug;
		};
		CE3DCC982B035BDA00587F0B /* Release */ = {
			isa = XCBuildConfiguration;
			buildSettings = {
				ASSETCATALOG_COMPILER_APPICON_NAME = AppIcon;
				ASSETCATALOG_COMPILER_GLOBAL_ACCENT_COLOR_NAME = AccentColor;
				CODE_SIGN_ENTITLEMENTS = Screenable/Screenable.entitlements;
				CODE_SIGN_STYLE = Automatic;
				COMBINE_HIDPI_IMAGES = YES;
				CURRENT_PROJECT_VERSION = 1;
				DEVELOPMENT_ASSET_PATHS = "";
				DEVELOPMENT_TEAM = UCV96WLDG4;
				ENABLE_HARDENED_RUNTIME = YES;
				ENABLE_PREVIEWS = YES;
				GENERATE_INFOPLIST_FILE = YES;
				INFOPLIST_FILE = Screenable/Info.plist;
				INFOPLIST_KEY_NSHumanReadableCopyright = "";
				LD_RUNPATH_SEARCH_PATHS = (
					"$(inherited)",
					"@executable_path/../Frameworks",
				);
				MARKETING_VERSION = 1.0;
				PRODUCT_BUNDLE_IDENTIFIER = top.mightycounty.Screenable;
				PRODUCT_NAME = "$(TARGET_NAME)";
				SWIFT_EMIT_LOC_STRINGS = YES;
				SWIFT_VERSION = 5.0;
			};
			name = Release;
		};
		CE4562432B1D6D6400405672 /* Debug */ = {
			isa = XCBuildConfiguration;
			buildSettings = {
				ASSETCATALOG_COMPILER_APPICON_NAME = AppIcon;
				ASSETCATALOG_COMPILER_GLOBAL_ACCENT_COLOR_NAME = AccentColor;
				CODE_SIGN_ENTITLEMENTS = FastTrack/FastTrack.entitlements;
				CODE_SIGN_STYLE = Automatic;
				COMBINE_HIDPI_IMAGES = YES;
				CURRENT_PROJECT_VERSION = 1;
				DEVELOPMENT_TEAM = UCV96WLDG4;
				ENABLE_HARDENED_RUNTIME = YES;
				ENABLE_PREVIEWS = YES;
				GENERATE_INFOPLIST_FILE = YES;
				INFOPLIST_KEY_NSHumanReadableCopyright = "";
				LD_RUNPATH_SEARCH_PATHS = (
					"$(inherited)",
					"@executable_path/../Frameworks",
				);
				MARKETING_VERSION = 1.0;
				PRODUCT_BUNDLE_IDENTIFIER = top.mightycounty.FastTrack;
				PRODUCT_NAME = "$(TARGET_NAME)";
				SWIFT_EMIT_LOC_STRINGS = YES;
				SWIFT_VERSION = 5.0;
			};
			name = Debug;
		};
		CE4562442B1D6D6400405672 /* Release */ = {
			isa = XCBuildConfiguration;
			buildSettings = {
				ASSETCATALOG_COMPILER_APPICON_NAME = AppIcon;
				ASSETCATALOG_COMPILER_GLOBAL_ACCENT_COLOR_NAME = AccentColor;
				CODE_SIGN_ENTITLEMENTS = FastTrack/FastTrack.entitlements;
				CODE_SIGN_STYLE = Automatic;
				COMBINE_HIDPI_IMAGES = YES;
				CURRENT_PROJECT_VERSION = 1;
				DEVELOPMENT_TEAM = UCV96WLDG4;
				ENABLE_HARDENED_RUNTIME = YES;
				ENABLE_PREVIEWS = YES;
				GENERATE_INFOPLIST_FILE = YES;
				INFOPLIST_KEY_NSHumanReadableCopyright = "";
				LD_RUNPATH_SEARCH_PATHS = (
					"$(inherited)",
					"@executable_path/../Frameworks",
				);
				MARKETING_VERSION = 1.0;
				PRODUCT_BUNDLE_IDENTIFIER = top.mightycounty.FastTrack;
				PRODUCT_NAME = "$(TARGET_NAME)";
				SWIFT_EMIT_LOC_STRINGS = YES;
				SWIFT_VERSION = 5.0;
			};
			name = Release;
		};
		CE99554D2B1C26F300CB54DE /* Debug */ = {
			isa = XCBuildConfiguration;
			buildSettings = {
				ASSETCATALOG_COMPILER_APPICON_NAME = AppIcon;
				ASSETCATALOG_COMPILER_GLOBAL_ACCENT_COLOR_NAME = AccentColor;
				CODE_SIGN_ENTITLEMENTS = AnimationSandbox/AnimationSandbox.entitlements;
				CODE_SIGN_STYLE = Automatic;
				COMBINE_HIDPI_IMAGES = YES;
				CURRENT_PROJECT_VERSION = 1;
				DEVELOPMENT_TEAM = UCV96WLDG4;
				ENABLE_HARDENED_RUNTIME = YES;
				ENABLE_PREVIEWS = YES;
				GENERATE_INFOPLIST_FILE = YES;
				INFOPLIST_KEY_NSHumanReadableCopyright = "";
				LD_RUNPATH_SEARCH_PATHS = (
					"$(inherited)",
					"@executable_path/../Frameworks",
				);
				MARKETING_VERSION = 1.0;
				PRODUCT_BUNDLE_IDENTIFIER = top.mightycounty.AnimationSandbox;
				PRODUCT_NAME = "$(TARGET_NAME)";
				SWIFT_EMIT_LOC_STRINGS = YES;
				SWIFT_VERSION = 5.0;
			};
			name = Debug;
		};
		CE99554E2B1C26F300CB54DE /* Release */ = {
			isa = XCBuildConfiguration;
			buildSettings = {
				ASSETCATALOG_COMPILER_APPICON_NAME = AppIcon;
				ASSETCATALOG_COMPILER_GLOBAL_ACCENT_COLOR_NAME = AccentColor;
				CODE_SIGN_ENTITLEMENTS = AnimationSandbox/AnimationSandbox.entitlements;
				CODE_SIGN_STYLE = Automatic;
				COMBINE_HIDPI_IMAGES = YES;
				CURRENT_PROJECT_VERSION = 1;
				DEVELOPMENT_TEAM = UCV96WLDG4;
				ENABLE_HARDENED_RUNTIME = YES;
				ENABLE_PREVIEWS = YES;
				GENERATE_INFOPLIST_FILE = YES;
				INFOPLIST_KEY_NSHumanReadableCopyright = "";
				LD_RUNPATH_SEARCH_PATHS = (
					"$(inherited)",
					"@executable_path/../Frameworks",
				);
				MARKETING_VERSION = 1.0;
				PRODUCT_BUNDLE_IDENTIFIER = top.mightycounty.AnimationSandbox;
				PRODUCT_NAME = "$(TARGET_NAME)";
				SWIFT_EMIT_LOC_STRINGS = YES;
				SWIFT_VERSION = 5.0;
			};
			name = Release;
		};
		E52F5C502A9110DA00658F2A /* Debug */ = {
			isa = XCBuildConfiguration;
			buildSettings = {
				ALWAYS_SEARCH_USER_PATHS = NO;
				ASSETCATALOG_COMPILER_GENERATE_SWIFT_ASSET_SYMBOL_EXTENSIONS = YES;
				CLANG_ANALYZER_NONNULL = YES;
				CLANG_ANALYZER_NUMBER_OBJECT_CONVERSION = YES_AGGRESSIVE;
				CLANG_CXX_LANGUAGE_STANDARD = "gnu++20";
				CLANG_ENABLE_MODULES = YES;
				CLANG_ENABLE_OBJC_ARC = YES;
				CLANG_ENABLE_OBJC_WEAK = YES;
				CLANG_WARN_BLOCK_CAPTURE_AUTORELEASING = YES;
				CLANG_WARN_BOOL_CONVERSION = YES;
				CLANG_WARN_COMMA = YES;
				CLANG_WARN_CONSTANT_CONVERSION = YES;
				CLANG_WARN_DEPRECATED_OBJC_IMPLEMENTATIONS = YES;
				CLANG_WARN_DIRECT_OBJC_ISA_USAGE = YES_ERROR;
				CLANG_WARN_DOCUMENTATION_COMMENTS = YES;
				CLANG_WARN_EMPTY_BODY = YES;
				CLANG_WARN_ENUM_CONVERSION = YES;
				CLANG_WARN_INFINITE_RECURSION = YES;
				CLANG_WARN_INT_CONVERSION = YES;
				CLANG_WARN_NON_LITERAL_NULL_CONVERSION = YES;
				CLANG_WARN_OBJC_IMPLICIT_RETAIN_SELF = YES;
				CLANG_WARN_OBJC_LITERAL_CONVERSION = YES;
				CLANG_WARN_OBJC_ROOT_CLASS = YES_ERROR;
				CLANG_WARN_QUOTED_INCLUDE_IN_FRAMEWORK_HEADER = YES;
				CLANG_WARN_RANGE_LOOP_ANALYSIS = YES;
				CLANG_WARN_STRICT_PROTOTYPES = YES;
				CLANG_WARN_SUSPICIOUS_MOVE = YES;
				CLANG_WARN_UNGUARDED_AVAILABILITY = YES_AGGRESSIVE;
				CLANG_WARN_UNREACHABLE_CODE = YES;
				CLANG_WARN__DUPLICATE_METHOD_MATCH = YES;
				COPY_PHASE_STRIP = NO;
				DEBUG_INFORMATION_FORMAT = dwarf;
				ENABLE_STRICT_OBJC_MSGSEND = YES;
				ENABLE_TESTABILITY = YES;
				ENABLE_USER_SCRIPT_SANDBOXING = YES;
				GCC_C_LANGUAGE_STANDARD = gnu17;
				GCC_DYNAMIC_NO_PIC = NO;
				GCC_NO_COMMON_BLOCKS = YES;
				GCC_OPTIMIZATION_LEVEL = 0;
				GCC_PREPROCESSOR_DEFINITIONS = (
					"DEBUG=1",
					"$(inherited)",
				);
				GCC_WARN_64_TO_32_BIT_CONVERSION = YES;
				GCC_WARN_ABOUT_RETURN_TYPE = YES_ERROR;
				GCC_WARN_UNDECLARED_SELECTOR = YES;
				GCC_WARN_UNINITIALIZED_AUTOS = YES_AGGRESSIVE;
				GCC_WARN_UNUSED_FUNCTION = YES;
				GCC_WARN_UNUSED_VARIABLE = YES;
				LOCALIZATION_PREFERS_STRING_CATALOGS = YES;
				MACOSX_DEPLOYMENT_TARGET = 14.0;
				MTL_ENABLE_DEBUG_INFO = INCLUDE_SOURCE;
				MTL_FAST_MATH = YES;
				ONLY_ACTIVE_ARCH = YES;
				SDKROOT = macosx;
				SWIFT_ACTIVE_COMPILATION_CONDITIONS = "DEBUG $(inherited)";
				SWIFT_OPTIMIZATION_LEVEL = "-Onone";
			};
			name = Debug;
		};
		E52F5C512A9110DA00658F2A /* Release */ = {
			isa = XCBuildConfiguration;
			buildSettings = {
				ALWAYS_SEARCH_USER_PATHS = NO;
				ASSETCATALOG_COMPILER_GENERATE_SWIFT_ASSET_SYMBOL_EXTENSIONS = YES;
				CLANG_ANALYZER_NONNULL = YES;
				CLANG_ANALYZER_NUMBER_OBJECT_CONVERSION = YES_AGGRESSIVE;
				CLANG_CXX_LANGUAGE_STANDARD = "gnu++20";
				CLANG_ENABLE_MODULES = YES;
				CLANG_ENABLE_OBJC_ARC = YES;
				CLANG_ENABLE_OBJC_WEAK = YES;
				CLANG_WARN_BLOCK_CAPTURE_AUTORELEASING = YES;
				CLANG_WARN_BOOL_CONVERSION = YES;
				CLANG_WARN_COMMA = YES;
				CLANG_WARN_CONSTANT_CONVERSION = YES;
				CLANG_WARN_DEPRECATED_OBJC_IMPLEMENTATIONS = YES;
				CLANG_WARN_DIRECT_OBJC_ISA_USAGE = YES_ERROR;
				CLANG_WARN_DOCUMENTATION_COMMENTS = YES;
				CLANG_WARN_EMPTY_BODY = YES;
				CLANG_WARN_ENUM_CONVERSION = YES;
				CLANG_WARN_INFINITE_RECURSION = YES;
				CLANG_WARN_INT_CONVERSION = YES;
				CLANG_WARN_NON_LITERAL_NULL_CONVERSION = YES;
				CLANG_WARN_OBJC_IMPLICIT_RETAIN_SELF = YES;
				CLANG_WARN_OBJC_LITERAL_CONVERSION = YES;
				CLANG_WARN_OBJC_ROOT_CLASS = YES_ERROR;
				CLANG_WARN_QUOTED_INCLUDE_IN_FRAMEWORK_HEADER = YES;
				CLANG_WARN_RANGE_LOOP_ANALYSIS = YES;
				CLANG_WARN_STRICT_PROTOTYPES = YES;
				CLANG_WARN_SUSPICIOUS_MOVE = YES;
				CLANG_WARN_UNGUARDED_AVAILABILITY = YES_AGGRESSIVE;
				CLANG_WARN_UNREACHABLE_CODE = YES;
				CLANG_WARN__DUPLICATE_METHOD_MATCH = YES;
				COPY_PHASE_STRIP = NO;
				DEBUG_INFORMATION_FORMAT = "dwarf-with-dsym";
				ENABLE_NS_ASSERTIONS = NO;
				ENABLE_STRICT_OBJC_MSGSEND = YES;
				ENABLE_USER_SCRIPT_SANDBOXING = YES;
				GCC_C_LANGUAGE_STANDARD = gnu17;
				GCC_NO_COMMON_BLOCKS = YES;
				GCC_WARN_64_TO_32_BIT_CONVERSION = YES;
				GCC_WARN_ABOUT_RETURN_TYPE = YES_ERROR;
				GCC_WARN_UNDECLARED_SELECTOR = YES;
				GCC_WARN_UNINITIALIZED_AUTOS = YES_AGGRESSIVE;
				GCC_WARN_UNUSED_FUNCTION = YES;
				GCC_WARN_UNUSED_VARIABLE = YES;
				LOCALIZATION_PREFERS_STRING_CATALOGS = YES;
				MACOSX_DEPLOYMENT_TARGET = 14.0;
				MTL_ENABLE_DEBUG_INFO = NO;
				MTL_FAST_MATH = YES;
				SDKROOT = macosx;
				SWIFT_COMPILATION_MODE = wholemodule;
			};
			name = Release;
		};
		E52F5C532A9110DA00658F2A /* Debug */ = {
			isa = XCBuildConfiguration;
			buildSettings = {
				ASSETCATALOG_COMPILER_APPICON_NAME = AppIcon;
				ASSETCATALOG_COMPILER_GLOBAL_ACCENT_COLOR_NAME = AccentColor;
				CODE_SIGN_ENTITLEMENTS = StormView/StormView.entitlements;
				CODE_SIGN_STYLE = Automatic;
				COMBINE_HIDPI_IMAGES = YES;
				CURRENT_PROJECT_VERSION = 1;
				DEVELOPMENT_TEAM = UCV96WLDG4;
				ENABLE_HARDENED_RUNTIME = YES;
				ENABLE_PREVIEWS = YES;
				GENERATE_INFOPLIST_FILE = YES;
				INFOPLIST_KEY_NSHumanReadableCopyright = "";
				LD_RUNPATH_SEARCH_PATHS = (
					"$(inherited)",
					"@executable_path/../Frameworks",
				);
				MARKETING_VERSION = 1.0;
				PRODUCT_BUNDLE_IDENTIFIER = top.mightycounty.StormView;
				PRODUCT_NAME = "$(TARGET_NAME)";
				SWIFT_EMIT_LOC_STRINGS = YES;
				SWIFT_VERSION = 5.0;
			};
			name = Debug;
		};
		E52F5C542A9110DA00658F2A /* Release */ = {
			isa = XCBuildConfiguration;
			buildSettings = {
				ASSETCATALOG_COMPILER_APPICON_NAME = AppIcon;
				ASSETCATALOG_COMPILER_GLOBAL_ACCENT_COLOR_NAME = AccentColor;
				CODE_SIGN_ENTITLEMENTS = StormView/StormView.entitlements;
				CODE_SIGN_STYLE = Automatic;
				COMBINE_HIDPI_IMAGES = YES;
				CURRENT_PROJECT_VERSION = 1;
				DEVELOPMENT_TEAM = UCV96WLDG4;
				ENABLE_HARDENED_RUNTIME = YES;
				ENABLE_PREVIEWS = YES;
				GENERATE_INFOPLIST_FILE = YES;
				INFOPLIST_KEY_NSHumanReadableCopyright = "";
				LD_RUNPATH_SEARCH_PATHS = (
					"$(inherited)",
					"@executable_path/../Frameworks",
				);
				MARKETING_VERSION = 1.0;
				PRODUCT_BUNDLE_IDENTIFIER = top.mightycounty.StormView;
				PRODUCT_NAME = "$(TARGET_NAME)";
				SWIFT_EMIT_LOC_STRINGS = YES;
				SWIFT_VERSION = 5.0;
			};
			name = Release;
		};
		E55A79042AA418300035D696 /* Debug */ = {
			isa = XCBuildConfiguration;
			buildSettings = {
				CODE_SIGN_STYLE = Automatic;
				DEVELOPMENT_TEAM = UCV96WLDG4;
				ENABLE_HARDENED_RUNTIME = YES;
				PRODUCT_NAME = "$(TARGET_NAME)";
				SWIFT_VERSION = 5.0;
			};
			name = Debug;
		};
		E55A79052AA418300035D696 /* Release */ = {
			isa = XCBuildConfiguration;
			buildSettings = {
				CODE_SIGN_STYLE = Automatic;
				DEVELOPMENT_TEAM = UCV96WLDG4;
				ENABLE_HARDENED_RUNTIME = YES;
				PRODUCT_NAME = "$(TARGET_NAME)";
				SWIFT_VERSION = 5.0;
			};
			name = Release;
		};
		E57908882AA0415C00A5A49F /* Debug */ = {
			isa = XCBuildConfiguration;
			buildSettings = {
				ASSETCATALOG_COMPILER_APPICON_NAME = AppIcon;
				ASSETCATALOG_COMPILER_GLOBAL_ACCENT_COLOR_NAME = AccentColor;
				CODE_SIGN_ENTITLEMENTS = CowsAndBulls/CowsAndBulls.entitlements;
				CODE_SIGN_STYLE = Automatic;
				COMBINE_HIDPI_IMAGES = YES;
				CURRENT_PROJECT_VERSION = 1;
				DEVELOPMENT_TEAM = UCV96WLDG4;
				ENABLE_HARDENED_RUNTIME = YES;
				ENABLE_PREVIEWS = YES;
				GENERATE_INFOPLIST_FILE = YES;
				INFOPLIST_KEY_NSHumanReadableCopyright = "";
				LD_RUNPATH_SEARCH_PATHS = (
					"$(inherited)",
					"@executable_path/../Frameworks",
				);
				MARKETING_VERSION = 1.0;
				PRODUCT_BUNDLE_IDENTIFIER = top.mightycounty.CowsAndBulls;
				PRODUCT_NAME = "$(TARGET_NAME)";
				SWIFT_EMIT_LOC_STRINGS = YES;
				SWIFT_VERSION = 5.0;
			};
			name = Debug;
		};
		E57908892AA0415C00A5A49F /* Release */ = {
			isa = XCBuildConfiguration;
			buildSettings = {
				ASSETCATALOG_COMPILER_APPICON_NAME = AppIcon;
				ASSETCATALOG_COMPILER_GLOBAL_ACCENT_COLOR_NAME = AccentColor;
				CODE_SIGN_ENTITLEMENTS = CowsAndBulls/CowsAndBulls.entitlements;
				CODE_SIGN_STYLE = Automatic;
				COMBINE_HIDPI_IMAGES = YES;
				CURRENT_PROJECT_VERSION = 1;
				DEVELOPMENT_TEAM = UCV96WLDG4;
				ENABLE_HARDENED_RUNTIME = YES;
				ENABLE_PREVIEWS = YES;
				GENERATE_INFOPLIST_FILE = YES;
				INFOPLIST_KEY_NSHumanReadableCopyright = "";
				LD_RUNPATH_SEARCH_PATHS = (
					"$(inherited)",
					"@executable_path/../Frameworks",
				);
				MARKETING_VERSION = 1.0;
				PRODUCT_BUNDLE_IDENTIFIER = top.mightycounty.CowsAndBulls;
				PRODUCT_NAME = "$(TARGET_NAME)";
				SWIFT_EMIT_LOC_STRINGS = YES;
				SWIFT_VERSION = 5.0;
			};
			name = Release;
		};
/* End XCBuildConfiguration section */

/* Begin XCConfigurationList section */
		CE3428F62B18E10C00614E69 /* Build configuration list for PBXNativeTarget "MultiMap" */ = {
			isa = XCConfigurationList;
			buildConfigurations = (
				CE3428F42B18E10C00614E69 /* Debug */,
				CE3428F52B18E10C00614E69 /* Release */,
			);
			defaultConfigurationIsVisible = 0;
			defaultConfigurationName = Release;
		};
		CE3DCC962B035BDA00587F0B /* Build configuration list for PBXNativeTarget "Screenable" */ = {
			isa = XCConfigurationList;
			buildConfigurations = (
				CE3DCC972B035BDA00587F0B /* Debug */,
				CE3DCC982B035BDA00587F0B /* Release */,
			);
			defaultConfigurationIsVisible = 0;
			defaultConfigurationName = Release;
		};
		CE4562452B1D6D6400405672 /* Build configuration list for PBXNativeTarget "FastTrack" */ = {
			isa = XCConfigurationList;
			buildConfigurations = (
				CE4562432B1D6D6400405672 /* Debug */,
				CE4562442B1D6D6400405672 /* Release */,
			);
			defaultConfigurationIsVisible = 0;
			defaultConfigurationName = Release;
		};
		CE99554F2B1C26F300CB54DE /* Build configuration list for PBXNativeTarget "AnimationSandbox" */ = {
			isa = XCConfigurationList;
			buildConfigurations = (
				CE99554D2B1C26F300CB54DE /* Debug */,
				CE99554E2B1C26F300CB54DE /* Release */,
			);
			defaultConfigurationIsVisible = 0;
			defaultConfigurationName = Release;
		};
		E52F5C3E2A9110D500658F2A /* Build configuration list for PBXProject "MacOne" */ = {
			isa = XCConfigurationList;
			buildConfigurations = (
				E52F5C502A9110DA00658F2A /* Debug */,
				E52F5C512A9110DA00658F2A /* Release */,
			);
			defaultConfigurationIsVisible = 0;
			defaultConfigurationName = Release;
		};
		E52F5C522A9110DA00658F2A /* Build configuration list for PBXNativeTarget "StormView" */ = {
			isa = XCConfigurationList;
			buildConfigurations = (
				E52F5C532A9110DA00658F2A /* Debug */,
				E52F5C542A9110DA00658F2A /* Release */,
			);
			defaultConfigurationIsVisible = 0;
			defaultConfigurationName = Release;
		};
		E55A79062AA418300035D696 /* Build configuration list for PBXNativeTarget "TextParser" */ = {
			isa = XCConfigurationList;
			buildConfigurations = (
				E55A79042AA418300035D696 /* Debug */,
				E55A79052AA418300035D696 /* Release */,
			);
			defaultConfigurationIsVisible = 0;
			defaultConfigurationName = Release;
		};
		E57908872AA0415C00A5A49F /* Build configuration list for PBXNativeTarget "CowsAndBulls" */ = {
			isa = XCConfigurationList;
			buildConfigurations = (
				E57908882AA0415C00A5A49F /* Debug */,
				E57908892AA0415C00A5A49F /* Release */,
			);
			defaultConfigurationIsVisible = 0;
			defaultConfigurationName = Release;
		};
/* End XCConfigurationList section */

/* Begin XCRemoteSwiftPackageReference section */
		E55A79072AA4A2FF0035D696 /* XCRemoteSwiftPackageReference "swift-argument-parser" */ = {
			isa = XCRemoteSwiftPackageReference;
			repositoryURL = "https://github.com/apple/swift-argument-parser.git";
			requirement = {
				kind = upToNextMajorVersion;
				minimumVersion = 1.2.3;
			};
		};
/* End XCRemoteSwiftPackageReference section */

/* Begin XCSwiftPackageProductDependency section */
		E55A79092AA4A78C0035D696 /* ArgumentParser */ = {
			isa = XCSwiftPackageProductDependency;
			package = E55A79072AA4A2FF0035D696 /* XCRemoteSwiftPackageReference "swift-argument-parser" */;
			productName = ArgumentParser;
		};
/* End XCSwiftPackageProductDependency section */
	};
	rootObject = E52F5C3B2A9110D500658F2A /* Project object */;
}
